{
  "name": "oneshot-production-e2e",
  "version": "1.3.0",
  "lockfileVersion": 3,
  "requires": true,
  "packages": {
    "": {
      "name": "oneshot-production-e2e",
      "version": "1.3.0",
      "devDependencies": {
        "@types/node": "file:app/vendor/npm/types-node-24.0.4.tgz",
        "typescript": "file:app/vendor/npm/typescript-5.8.3.tgz",
        "undici-types": "file:app/vendor/npm/undici-types-7.8.0.tgz"
      },
      "engines": {
        "node": ">=20"
      }
    },
    "node_modules/@types/node": {
      "version": "24.0.4",
      "resolved": "file:app/vendor/npm/types-node-24.0.4.tgz",
      "integrity": "sha512-b54Iou30mp/y+1TlIc7Q55MLc68QGSzg41kfERB4oOc8LPrKDoTNwK5xa2L7xQZRsJ6vF2CWFRhsYZ5/jst5Zw==",
      "dev": true,
      "license": "MIT",
      "dependencies": {
        "undici-types": "~7.8.0"
      }
    },
    "node_modules/typescript": {
      "version": "5.8.3",
      "resolved": "file:app/vendor/npm/typescript-5.8.3.tgz",
      "integrity": "sha512-p1diW6TqL9L07nNxvRMM7hMMw4c5XOo/1ibL4aAIGmSAt9slTE1Xgw5KWuof2uTOvCg9BY7ZRi+GaF+7sfgPeQ==",
      "dev": true,
      "license": "Apache-2.0",
      "bin": {
        "tsc": "bin/tsc",
        "tsserver": "bin/tsserver"
      },
      "engines": {
        "node": ">=14.17"
      }
    },
    "node_modules/undici-types": {
      "version": "7.8.0",
      "resolved": "file:app/vendor/npm/undici-types-7.8.0.tgz",
      "integrity": "sha512-9UJ2xGDvQ43tYyVMpuHlsgApydB8ZKfVYTsLDhXkFL/6gfkp+U8xTGdh8pMJv1SpZna0zxG1DwsKZsreLbXBxw==",
      "dev": true,
      "license": "MIT"
    }
  }
}
